Microsoft Visual Studio Solution File, Format Version 12.00
# Visual Studio 2012
Project("{FAE04EC0-301F-11D3-BF4B-00C04F79EFBC}") = "Nakama cSharp Tutorial", "Nakama cSharp Tutorial.csproj", "{DED0B0A6-0044-4EB5-91BF-6D8CC5FC05EF}"
EndProject
Global
	GlobalSection(SolutionConfigurationPlatforms) = preSolution
	Debug|Any CPU = Debug|Any CPU
	ExportDebug|Any CPU = ExportDebug|Any CPU
	ExportRelease|Any CPU = ExportRelease|Any CPU
	EndGlobalSection
	GlobalSection(ProjectConfigurationPlatforms) = postSolution
		{DED0B0A6-0044-4EB5-91BF-6D8CC5FC05EF}.Debug|Any CPU.ActiveCfg = Debug|Any CPU
		{DED0B0A6-0044-4EB5-91BF-6D8CC5FC05EF}.Debug|Any CPU.Build.0 = Debug|Any CPU
		{DED0B0A6-0044-4EB5-91BF-6D8CC5FC05EF}.ExportDebug|Any CPU.ActiveCfg = ExportDebug|Any CPU
		{DED0B0A6-0044-4EB5-91BF-6D8CC5FC05EF}.ExportDebug|Any CPU.Build.0 = ExportDebug|Any CPU
		{DED0B0A6-0044-4EB5-91BF-6D8CC5FC05EF}.ExportRelease|Any CPU.ActiveCfg = ExportRelease|Any CPU
		{DED0B0A6-0044-4EB5-91BF-6D8CC5FC05EF}.ExportRelease|Any CPU.Build.0 = ExportRelease|Any CPU
	EndGlobalSection
EndGlobal
